
Microsoft Visual Studio Solution File, Format Version 12.00
# Visual Studio 2012
Project("{8BC9CEB8-8B4A-11D0-8D11-00A0C91BC942}") = "bson", "libs\bson\bson.vcxproj", "{B80A56CB-C564-40BC-B535-75F1AE6917E1}"
EndProject
Project("{8BC9CEB8-8B4A-11D0-8D11-00A0C91BC942}") = "bzip2", "libs\bzip2\bzip2.vcxproj", "{21D143DD-242B-4799-BA2D-245BEC0EA51F}"
EndProject
Project("{8BC9CEB8-8B4A-11D0-8D11-00A0C91BC942}") = "catch", "libs\catch\catch.vcxproj", "{88648D3B-E2BD-46DB-9AE2-77F58B36D6B5}"
EndProject
Project("{8BC9CEB8-8B4A-11D0-8D11-00A0C91BC942}") = "dxl", "libs\dxl\dxl.vcxproj", "{26EC60EE-E767-48D4-A0CC-EE878ED23B55}"
EndProject
Project("{8BC9CEB8-8B4A-11D0-8D11-00A0C91BC942}") = "zmq", "libs\zmq\zmq.vcxproj", "{43FCE321-B1AA-4DD6-B983-98FDB32E217B}"
EndProject
Project("{2150E333-8FDC-42A3-9474-1A3956D46DE8}") = "libs", "libs", "{4A0EF7E7-58C9-4DA8-BCFC-8DEE57ACF8D0}"
EndProject
Project("{2150E333-8FDC-42A3-9474-1A3956D46DE8}") = "centaur", "centaur", "{40AD12F6-2E9D-4B7B-A142-9DBD3DB690B9}"
EndProject
Project("{2150E333-8FDC-42A3-9474-1A3956D46DE8}") = "drivers", "drivers", "{40AD12F6-2E9D-4B7B-A142-9DBD3DB690B0}"
EndProject
Project("{2150E333-8FDC-42A3-9474-1A3956D46DE8}") = "control", "control", "{40AD12F6-2E9D-4B7B-A142-9DBD3DB690BA}"
EndProject
Project("{8BC9CEB8-8B4A-11D0-8D11-00A0C91BC942}") = "centaur", "drivers\centaur\centaur.vcxproj", "{E8E2956E-777D-468B-9C85-05BE54233583}"
EndProject
Project("{8BC9CEB8-8B4A-11D0-8D11-00A0C91BC942}") = "body", "centaur\body\body.vcxproj", "{17900259-D26B-4E61-9EB5-8A9867A6F19D}"
EndProject
Project("{8BC9CEB8-8B4A-11D0-8D11-00A0C91BC942}") = "HokuyoProvider", "centaur\HokuyoProvider\HokuyoProvider.vcxproj", "{F1EBA565-4CEC-41BA-B3B8-4D9CC6C8AA1B}"
EndProject
Project("{8BC9CEB8-8B4A-11D0-8D11-00A0C91BC942}") = "KinectProvider", "centaur\KinectProvider\KinectProvider.vcxproj", "{500E7F6D-A7EF-49D1-964D-27ABAC53992B}"
EndProject
Project("{8BC9CEB8-8B4A-11D0-8D11-00A0C91BC942}") = "PubOrientationLegPressure", "centaur\PubOrientationLegPressure\PubOrientationLegPressure.vcxproj", "{8368B95E-8115-440B-8AEA-B44D9653004C}"
EndProject
Project("{8BC9CEB8-8B4A-11D0-8D11-00A0C91BC942}") = "servos", "centaur\servos\servos.vcxproj", "{99CA0633-2249-49D8-B919-E6401C4C3C02}"
EndProject
Project("{8BC9CEB8-8B4A-11D0-8D11-00A0C91BC942}") = "dynamixel", "drivers\dynamixel\dynamixel.vcxproj", "{99EDF996-25AA-4A0B-8DAD-888EDC17DF36}"
EndProject
Project("{8BC9CEB8-8B4A-11D0-8D11-00A0C91BC942}") = "glove", "drivers\glove\glove.vcxproj", "{824E7BF0-2A2A-4AB5-9AAD-2818A3B964EF}"
EndProject
Project("{8BC9CEB8-8B4A-11D0-8D11-00A0C91BC942}") = "joystick", "drivers\joystick\joystick.vcxproj", "{8632FBE5-E166-485D-BA75-A80F5CC2B79A}"
EndProject
Project("{8BC9CEB8-8B4A-11D0-8D11-00A0C91BC942}") = "zmqpp", "drivers\zmqpp\zmqpp.vcxproj", "{90D0CA92-2016-4340-B73E-E44FB1D1507E}"
EndProject
Project("{8BC9CEB8-8B4A-11D0-8D11-00A0C91BC942}") = "commander", "control\commander\commander.vcxproj", "{9DD66D88-E2E6-42CE-B1DB-492ACD658826}"
EndProject
Project("{8BC9CEB8-8B4A-11D0-8D11-00A0C91BC942}") = "HokuyoRequester", "control\HokuyoRequester\HokuyoRequester.vcxproj", "{A2C31B92-D5D3-4CD7-9604-4EE16C5A8C0D}"
EndProject
Project("{8BC9CEB8-8B4A-11D0-8D11-00A0C91BC942}") = "KinectRequestor", "control\KinectRequestor\KinectRequestor.vcxproj", "{BC171BD5-A8D3-44C2-A677-A966A1E58609}"
EndProject
Project("{8BC9CEB8-8B4A-11D0-8D11-00A0C91BC942}") = "leapMotion", "libs\leapMotion\leapMotion.vcxproj", "{DCF6C23E-E652-43AC-B40D-0C2F9CED3DD1}"
EndProject
Project("{8BC9CEB8-8B4A-11D0-8D11-00A0C91BC942}") = "hokuyo", "libs\hokuyo\hokuyo.vcxproj", "{B28FB8A5-8316-49C6-94AF-D77D75030BA9}"
EndProject
Project("{8BC9CEB8-8B4A-11D0-8D11-00A0C91BC942}") = "libusb-1.0 (static)", "libs\libusbx\msvc\libusb_static_2012.vcxproj", "{349EE8F9-7D25-4909-AAF5-FF3FADE72187}"
EndProject
Project("{8BC9CEB8-8B4A-11D0-8D11-00A0C91BC942}") = "libfreenect", "libs\libfreenect-master\libfreenect.vcxproj", "{38720433-576A-4B6D-A772-0697E7F70800}"
EndProject
Global
	GlobalSection(SolutionConfigurationPlatforms) = preSolution
		Debug|Win32 = Debug|Win32
		Debug|x64 = Debug|x64
		Release|Win32 = Release|Win32
		Release|x64 = Release|x64
	EndGlobalSection
	GlobalSection(ProjectConfigurationPlatforms) = postSolution
		{B80A56CB-C564-40BC-B535-75F1AE6917E1}.Debug|Win32.ActiveCfg = Debug|Win32
		{B80A56CB-C564-40BC-B535-75F1AE6917E1}.Debug|Win32.Build.0 = Debug|Win32
		{B80A56CB-C564-40BC-B535-75F1AE6917E1}.Debug|x64.ActiveCfg = Debug|Win32
		{B80A56CB-C564-40BC-B535-75F1AE6917E1}.Release|Win32.ActiveCfg = Release|Win32
		{B80A56CB-C564-40BC-B535-75F1AE6917E1}.Release|Win32.Build.0 = Release|Win32
		{B80A56CB-C564-40BC-B535-75F1AE6917E1}.Release|x64.ActiveCfg = Release|Win32
		{21D143DD-242B-4799-BA2D-245BEC0EA51F}.Debug|Win32.ActiveCfg = Debug|Win32
		{21D143DD-242B-4799-BA2D-245BEC0EA51F}.Debug|Win32.Build.0 = Debug|Win32
		{21D143DD-242B-4799-BA2D-245BEC0EA51F}.Debug|x64.ActiveCfg = Debug|Win32
		{21D143DD-242B-4799-BA2D-245BEC0EA51F}.Release|Win32.ActiveCfg = Release|Win32
		{21D143DD-242B-4799-BA2D-245BEC0EA51F}.Release|Win32.Build.0 = Release|Win32
		{21D143DD-242B-4799-BA2D-245BEC0EA51F}.Release|x64.ActiveCfg = Release|Win32
		{88648D3B-E2BD-46DB-9AE2-77F58B36D6B5}.Debug|Win32.ActiveCfg = Debug|Win32
		{88648D3B-E2BD-46DB-9AE2-77F58B36D6B5}.Debug|Win32.Build.0 = Debug|Win32
		{88648D3B-E2BD-46DB-9AE2-77F58B36D6B5}.Debug|x64.ActiveCfg = Debug|Win32
		{88648D3B-E2BD-46DB-9AE2-77F58B36D6B5}.Release|Win32.ActiveCfg = Release|Win32
		{88648D3B-E2BD-46DB-9AE2-77F58B36D6B5}.Release|Win32.Build.0 = Release|Win32
		{88648D3B-E2BD-46DB-9AE2-77F58B36D6B5}.Release|x64.ActiveCfg = Release|Win32
		{26EC60EE-E767-48D4-A0CC-EE878ED23B55}.Debug|Win32.ActiveCfg = Debug|Win32
		{26EC60EE-E767-48D4-A0CC-EE878ED23B55}.Debug|Win32.Build.0 = Debug|Win32
		{26EC60EE-E767-48D4-A0CC-EE878ED23B55}.Debug|x64.ActiveCfg = Debug|Win32
		{26EC60EE-E767-48D4-A0CC-EE878ED23B55}.Release|Win32.ActiveCfg = Release|Win32
		{26EC60EE-E767-48D4-A0CC-EE878ED23B55}.Release|Win32.Build.0 = Release|Win32
		{26EC60EE-E767-48D4-A0CC-EE878ED23B55}.Release|x64.ActiveCfg = Release|Win32
		{43FCE321-B1AA-4DD6-B983-98FDB32E217B}.Debug|Win32.ActiveCfg = Debug|Win32
		{43FCE321-B1AA-4DD6-B983-98FDB32E217B}.Debug|Win32.Build.0 = Debug|Win32
		{43FCE321-B1AA-4DD6-B983-98FDB32E217B}.Debug|x64.ActiveCfg = Debug|Win32
		{43FCE321-B1AA-4DD6-B983-98FDB32E217B}.Release|Win32.ActiveCfg = Release|Win32
		{43FCE321-B1AA-4DD6-B983-98FDB32E217B}.Release|Win32.Build.0 = Release|Win32
		{43FCE321-B1AA-4DD6-B983-98FDB32E217B}.Release|x64.ActiveCfg = Release|Win32
		{E8E2956E-777D-468B-9C85-05BE54233583}.Debug|Win32.ActiveCfg = Debug|Win32
		{E8E2956E-777D-468B-9C85-05BE54233583}.Debug|Win32.Build.0 = Debug|Win32
		{E8E2956E-777D-468B-9C85-05BE54233583}.Debug|x64.ActiveCfg = Debug|Win32
		{E8E2956E-777D-468B-9C85-05BE54233583}.Release|Win32.ActiveCfg = Release|Win32
		{E8E2956E-777D-468B-9C85-05BE54233583}.Release|Win32.Build.0 = Release|Win32
		{E8E2956E-777D-468B-9C85-05BE54233583}.Release|x64.ActiveCfg = Release|Win32
		{17900259-D26B-4E61-9EB5-8A9867A6F19D}.Debug|Win32.ActiveCfg = Debug|Win32
		{17900259-D26B-4E61-9EB5-8A9867A6F19D}.Debug|Win32.Build.0 = Debug|Win32
		{17900259-D26B-4E61-9EB5-8A9867A6F19D}.Debug|x64.ActiveCfg = Debug|Win32
		{17900259-D26B-4E61-9EB5-8A9867A6F19D}.Release|Win32.ActiveCfg = Release|Win32
		{17900259-D26B-4E61-9EB5-8A9867A6F19D}.Release|Win32.Build.0 = Release|Win32
		{17900259-D26B-4E61-9EB5-8A9867A6F19D}.Release|x64.ActiveCfg = Release|Win32
		{F1EBA565-4CEC-41BA-B3B8-4D9CC6C8AA1B}.Debug|Win32.ActiveCfg = Debug|Win32
		{F1EBA565-4CEC-41BA-B3B8-4D9CC6C8AA1B}.Debug|Win32.Build.0 = Debug|Win32
		{F1EBA565-4CEC-41BA-B3B8-4D9CC6C8AA1B}.Debug|x64.ActiveCfg = Debug|Win32
		{F1EBA565-4CEC-41BA-B3B8-4D9CC6C8AA1B}.Release|Win32.ActiveCfg = Release|Win32
		{F1EBA565-4CEC-41BA-B3B8-4D9CC6C8AA1B}.Release|Win32.Build.0 = Release|Win32
		{F1EBA565-4CEC-41BA-B3B8-4D9CC6C8AA1B}.Release|x64.ActiveCfg = Release|Win32
		{500E7F6D-A7EF-49D1-964D-27ABAC53992B}.Debug|Win32.ActiveCfg = Debug|Win32
		{500E7F6D-A7EF-49D1-964D-27ABAC53992B}.Debug|Win32.Build.0 = Debug|Win32
		{500E7F6D-A7EF-49D1-964D-27ABAC53992B}.Debug|x64.ActiveCfg = Debug|Win32
		{500E7F6D-A7EF-49D1-964D-27ABAC53992B}.Release|Win32.ActiveCfg = Release|Win32
		{500E7F6D-A7EF-49D1-964D-27ABAC53992B}.Release|Win32.Build.0 = Release|Win32
		{500E7F6D-A7EF-49D1-964D-27ABAC53992B}.Release|x64.ActiveCfg = Release|Win32
		{8368B95E-8115-440B-8AEA-B44D9653004C}.Debug|Win32.ActiveCfg = Debug|Win32
		{8368B95E-8115-440B-8AEA-B44D9653004C}.Debug|Win32.Build.0 = Debug|Win32
		{8368B95E-8115-440B-8AEA-B44D9653004C}.Debug|x64.ActiveCfg = Debug|Win32
		{8368B95E-8115-440B-8AEA-B44D9653004C}.Release|Win32.ActiveCfg = Release|Win32
		{8368B95E-8115-440B-8AEA-B44D9653004C}.Release|Win32.Build.0 = Release|Win32
		{8368B95E-8115-440B-8AEA-B44D9653004C}.Release|x64.ActiveCfg = Release|Win32
		{99CA0633-2249-49D8-B919-E6401C4C3C02}.Debug|Win32.ActiveCfg = Debug|Win32
		{99CA0633-2249-49D8-B919-E6401C4C3C02}.Debug|Win32.Build.0 = Debug|Win32
		{99CA0633-2249-49D8-B919-E6401C4C3C02}.Debug|x64.ActiveCfg = Debug|Win32
		{99CA0633-2249-49D8-B919-E6401C4C3C02}.Release|Win32.ActiveCfg = Release|Win32
		{99CA0633-2249-49D8-B919-E6401C4C3C02}.Release|Win32.Build.0 = Release|Win32
		{99CA0633-2249-49D8-B919-E6401C4C3C02}.Release|x64.ActiveCfg = Release|Win32
		{99EDF996-25AA-4A0B-8DAD-888EDC17DF36}.Debug|Win32.ActiveCfg = Debug|Win32
		{99EDF996-25AA-4A0B-8DAD-888EDC17DF36}.Debug|Win32.Build.0 = Debug|Win32
		{99EDF996-25AA-4A0B-8DAD-888EDC17DF36}.Debug|x64.ActiveCfg = Debug|Win32
		{99EDF996-25AA-4A0B-8DAD-888EDC17DF36}.Release|Win32.ActiveCfg = Release|Win32
		{99EDF996-25AA-4A0B-8DAD-888EDC17DF36}.Release|Win32.Build.0 = Release|Win32
		{99EDF996-25AA-4A0B-8DAD-888EDC17DF36}.Release|x64.ActiveCfg = Release|Win32
		{824E7BF0-2A2A-4AB5-9AAD-2818A3B964EF}.Debug|Win32.ActiveCfg = Debug|Win32
		{824E7BF0-2A2A-4AB5-9AAD-2818A3B964EF}.Debug|Win32.Build.0 = Debug|Win32
		{824E7BF0-2A2A-4AB5-9AAD-2818A3B964EF}.Debug|x64.ActiveCfg = Debug|Win32
		{824E7BF0-2A2A-4AB5-9AAD-2818A3B964EF}.Release|Win32.ActiveCfg = Release|Win32
		{824E7BF0-2A2A-4AB5-9AAD-2818A3B964EF}.Release|Win32.Build.0 = Release|Win32
		{824E7BF0-2A2A-4AB5-9AAD-2818A3B964EF}.Release|x64.ActiveCfg = Release|Win32
		{8632FBE5-E166-485D-BA75-A80F5CC2B79A}.Debug|Win32.ActiveCfg = Debug|Win32
		{8632FBE5-E166-485D-BA75-A80F5CC2B79A}.Debug|Win32.Build.0 = Debug|Win32
		{8632FBE5-E166-485D-BA75-A80F5CC2B79A}.Debug|x64.ActiveCfg = Debug|Win32
		{8632FBE5-E166-485D-BA75-A80F5CC2B79A}.Release|Win32.ActiveCfg = Release|Win32
		{8632FBE5-E166-485D-BA75-A80F5CC2B79A}.Release|Win32.Build.0 = Release|Win32
		{8632FBE5-E166-485D-BA75-A80F5CC2B79A}.Release|x64.ActiveCfg = Release|Win32
		{90D0CA92-2016-4340-B73E-E44FB1D1507E}.Debug|Win32.ActiveCfg = Debug|Win32
		{90D0CA92-2016-4340-B73E-E44FB1D1507E}.Debug|Win32.Build.0 = Debug|Win32
		{90D0CA92-2016-4340-B73E-E44FB1D1507E}.Debug|x64.ActiveCfg = Debug|Win32
		{90D0CA92-2016-4340-B73E-E44FB1D1507E}.Release|Win32.ActiveCfg = Release|Win32
		{90D0CA92-2016-4340-B73E-E44FB1D1507E}.Release|Win32.Build.0 = Release|Win32
		{90D0CA92-2016-4340-B73E-E44FB1D1507E}.Release|x64.ActiveCfg = Release|Win32
		{9DD66D88-E2E6-42CE-B1DB-492ACD658826}.Debug|Win32.ActiveCfg = Debug|Win32
		{9DD66D88-E2E6-42CE-B1DB-492ACD658826}.Debug|Win32.Build.0 = Debug|Win32
		{9DD66D88-E2E6-42CE-B1DB-492ACD658826}.Debug|x64.ActiveCfg = Debug|Win32
		{9DD66D88-E2E6-42CE-B1DB-492ACD658826}.Release|Win32.ActiveCfg = Release|Win32
		{9DD66D88-E2E6-42CE-B1DB-492ACD658826}.Release|Win32.Build.0 = Release|Win32
		{9DD66D88-E2E6-42CE-B1DB-492ACD658826}.Release|x64.ActiveCfg = Release|Win32
		{A2C31B92-D5D3-4CD7-9604-4EE16C5A8C0D}.Debug|Win32.ActiveCfg = Debug|Win32
		{A2C31B92-D5D3-4CD7-9604-4EE16C5A8C0D}.Debug|Win32.Build.0 = Debug|Win32
		{A2C31B92-D5D3-4CD7-9604-4EE16C5A8C0D}.Debug|x64.ActiveCfg = Debug|Win32
		{A2C31B92-D5D3-4CD7-9604-4EE16C5A8C0D}.Release|Win32.ActiveCfg = Release|Win32
		{A2C31B92-D5D3-4CD7-9604-4EE16C5A8C0D}.Release|Win32.Build.0 = Release|Win32
		{A2C31B92-D5D3-4CD7-9604-4EE16C5A8C0D}.Release|x64.ActiveCfg = Release|Win32
		{BC171BD5-A8D3-44C2-A677-A966A1E58609}.Debug|Win32.ActiveCfg = Debug|Win32
		{BC171BD5-A8D3-44C2-A677-A966A1E58609}.Debug|Win32.Build.0 = Debug|Win32
		{BC171BD5-A8D3-44C2-A677-A966A1E58609}.Debug|x64.ActiveCfg = Debug|Win32
		{BC171BD5-A8D3-44C2-A677-A966A1E58609}.Release|Win32.ActiveCfg = Release|Win32
		{BC171BD5-A8D3-44C2-A677-A966A1E58609}.Release|Win32.Build.0 = Release|Win32
		{BC171BD5-A8D3-44C2-A677-A966A1E58609}.Release|x64.ActiveCfg = Release|Win32
		{DCF6C23E-E652-43AC-B40D-0C2F9CED3DD1}.Debug|Win32.ActiveCfg = Debug|Win32
		{DCF6C23E-E652-43AC-B40D-0C2F9CED3DD1}.Debug|Win32.Build.0 = Debug|Win32
		{DCF6C23E-E652-43AC-B40D-0C2F9CED3DD1}.Debug|x64.ActiveCfg = Debug|Win32
		{DCF6C23E-E652-43AC-B40D-0C2F9CED3DD1}.Release|Win32.ActiveCfg = Release|Win32
		{DCF6C23E-E652-43AC-B40D-0C2F9CED3DD1}.Release|Win32.Build.0 = Release|Win32
		{DCF6C23E-E652-43AC-B40D-0C2F9CED3DD1}.Release|x64.ActiveCfg = Release|Win32
		{B28FB8A5-8316-49C6-94AF-D77D75030BA9}.Debug|Win32.ActiveCfg = Debug|Win32
		{B28FB8A5-8316-49C6-94AF-D77D75030BA9}.Debug|Win32.Build.0 = Debug|Win32
		{B28FB8A5-8316-49C6-94AF-D77D75030BA9}.Debug|x64.ActiveCfg = Debug|Win32
		{B28FB8A5-8316-49C6-94AF-D77D75030BA9}.Release|Win32.ActiveCfg = Release|Win32
		{B28FB8A5-8316-49C6-94AF-D77D75030BA9}.Release|Win32.Build.0 = Release|Win32
		{B28FB8A5-8316-49C6-94AF-D77D75030BA9}.Release|x64.ActiveCfg = Release|Win32
		{349EE8F9-7D25-4909-AAF5-FF3FADE72187}.Debug|Win32.ActiveCfg = Debug|Win32
		{349EE8F9-7D25-4909-AAF5-FF3FADE72187}.Debug|Win32.Build.0 = Debug|Win32
		{349EE8F9-7D25-4909-AAF5-FF3FADE72187}.Debug|x64.ActiveCfg = Debug|x64
		{349EE8F9-7D25-4909-AAF5-FF3FADE72187}.Debug|x64.Build.0 = Debug|x64
		{349EE8F9-7D25-4909-AAF5-FF3FADE72187}.Release|Win32.ActiveCfg = Release|Win32
		{349EE8F9-7D25-4909-AAF5-FF3FADE72187}.Release|Win32.Build.0 = Release|Win32
		{349EE8F9-7D25-4909-AAF5-FF3FADE72187}.Release|x64.ActiveCfg = Release|x64
		{349EE8F9-7D25-4909-AAF5-FF3FADE72187}.Release|x64.Build.0 = Release|x64
		{38720433-576A-4B6D-A772-0697E7F70800}.Debug|Win32.ActiveCfg = Debug|Win32
		{38720433-576A-4B6D-A772-0697E7F70800}.Debug|Win32.Build.0 = Debug|Win32
		{38720433-576A-4B6D-A772-0697E7F70800}.Debug|x64.ActiveCfg = Debug|Win32
		{38720433-576A-4B6D-A772-0697E7F70800}.Release|Win32.ActiveCfg = Release|Win32
		{38720433-576A-4B6D-A772-0697E7F70800}.Release|Win32.Build.0 = Release|Win32
		{38720433-576A-4B6D-A772-0697E7F70800}.Release|x64.ActiveCfg = Release|Win32
	EndGlobalSection
	GlobalSection(SolutionProperties) = preSolution
		HideSolutionNode = FALSE
	EndGlobalSection
	GlobalSection(NestedProjects) = preSolution
		{21D143DD-242B-4799-BA2D-245BEC0EA51F} = {4A0EF7E7-58C9-4DA8-BCFC-8DEE57ACF8D0}
		{88648D3B-E2BD-46DB-9AE2-77F58B36D6B5} = {4A0EF7E7-58C9-4DA8-BCFC-8DEE57ACF8D0}
		{26EC60EE-E767-48D4-A0CC-EE878ED23B55} = {4A0EF7E7-58C9-4DA8-BCFC-8DEE57ACF8D0}
		{43FCE321-B1AA-4DD6-B983-98FDB32E217B} = {4A0EF7E7-58C9-4DA8-BCFC-8DEE57ACF8D0}
		{B80A56CB-C564-40BC-B535-75F1AE6917E1} = {4A0EF7E7-58C9-4DA8-BCFC-8DEE57ACF8D0}
		{DCF6C23E-E652-43AC-B40D-0C2F9CED3DD1} = {4A0EF7E7-58C9-4DA8-BCFC-8DEE57ACF8D0}
		{B28FB8A5-8316-49C6-94AF-D77D75030BA9} = {4A0EF7E7-58C9-4DA8-BCFC-8DEE57ACF8D0}
		{349EE8F9-7D25-4909-AAF5-FF3FADE72187} = {4A0EF7E7-58C9-4DA8-BCFC-8DEE57ACF8D0}
		{38720433-576A-4B6D-A772-0697E7F70800} = {4A0EF7E7-58C9-4DA8-BCFC-8DEE57ACF8D0}
		{17900259-D26B-4E61-9EB5-8A9867A6F19D} = {40AD12F6-2E9D-4B7B-A142-9DBD3DB690B9}
		{F1EBA565-4CEC-41BA-B3B8-4D9CC6C8AA1B} = {40AD12F6-2E9D-4B7B-A142-9DBD3DB690B9}
		{500E7F6D-A7EF-49D1-964D-27ABAC53992B} = {40AD12F6-2E9D-4B7B-A142-9DBD3DB690B9}
		{8368B95E-8115-440B-8AEA-B44D9653004C} = {40AD12F6-2E9D-4B7B-A142-9DBD3DB690B9}
		{99CA0633-2249-49D8-B919-E6401C4C3C02} = {40AD12F6-2E9D-4B7B-A142-9DBD3DB690B9}
		{E8E2956E-777D-468B-9C85-05BE54233583} = {40AD12F6-2E9D-4B7B-A142-9DBD3DB690B0}
		{99EDF996-25AA-4A0B-8DAD-888EDC17DF36} = {40AD12F6-2E9D-4B7B-A142-9DBD3DB690B0}
		{824E7BF0-2A2A-4AB5-9AAD-2818A3B964EF} = {40AD12F6-2E9D-4B7B-A142-9DBD3DB690B0}
		{8632FBE5-E166-485D-BA75-A80F5CC2B79A} = {40AD12F6-2E9D-4B7B-A142-9DBD3DB690B0}
		{90D0CA92-2016-4340-B73E-E44FB1D1507E} = {40AD12F6-2E9D-4B7B-A142-9DBD3DB690B0}
		{9DD66D88-E2E6-42CE-B1DB-492ACD658826} = {40AD12F6-2E9D-4B7B-A142-9DBD3DB690BA}
		{A2C31B92-D5D3-4CD7-9604-4EE16C5A8C0D} = {40AD12F6-2E9D-4B7B-A142-9DBD3DB690BA}
		{BC171BD5-A8D3-44C2-A677-A966A1E58609} = {40AD12F6-2E9D-4B7B-A142-9DBD3DB690BA}
	EndGlobalSection
EndGlobal
