<?xml version="1.0" encoding="utf-8"?>
<Project ToolsVersion="4.0" xmlns="http://schemas.microsoft.com/developer/msbuild/2003">
  <ItemGroup>
    <Filter Include="src">
      <UniqueIdentifier>{4FC737F1-C7A5-4376-A066-2A32D752A2FF}</UniqueIdentifier>
      <Extensions>cpp;c;cc;cxx;def;odl;idl;hpj;bat;asm;asmx</Extensions>
    </Filter>
    <Filter Include="include">
      <UniqueIdentifier>{93995380-89BD-4b04-88EB-625FBE52EBFB}</UniqueIdentifier>
      <Extensions>h;hpp;hxx;hm;inl;inc;xsd</Extensions>
    </Filter>
    <Filter Include="tests">
      <UniqueIdentifier>{6a7764c6-71ce-4b46-88a5-10e1cee3b01d}</UniqueIdentifier>
    </Filter>
  </ItemGroup>
  <ItemGroup>
    <ClCompile Include="src\CentaurSockets.cpp">
      <Filter>src</Filter>
    </ClCompile>
    <ClCompile Include="src\CentaurThread.cpp">
      <Filter>src</Filter>
    </ClCompile>
    <ClCompile Include="src\CentaurMessageTestCase.cpp">
      <Filter>tests</Filter>
    </ClCompile>
    <ClCompile Include="src\CentaurTypesTestCase.cpp">
      <Filter>tests</Filter>
    </ClCompile>
    <ClCompile Include="src\ExampleTestCase.cpp">
      <Filter>tests</Filter>
    </ClCompile>
    <ClCompile Include="src\test_messages.cpp">
      <Filter>tests</Filter>
    </ClCompile>
  </ItemGroup>
  <ItemGroup>
    <ClInclude Include="src\CentaurMessageTestCase.h">
      <Filter>tests</Filter>
    </ClInclude>
    <ClInclude Include="src\CentaurTypesTestCase.h">
      <Filter>tests</Filter>
    </ClInclude>
    <ClInclude Include="src\ExampleTestCase.h">
      <Filter>tests</Filter>
    </ClInclude>
    <ClInclude Include="include\BodyMessage.h">
      <Filter>include</Filter>
    </ClInclude>
    <ClInclude Include="include\CentaurDriver.h">
      <Filter>include</Filter>
    </ClInclude>
    <ClInclude Include="include\CentaurMessage.h">
      <Filter>include</Filter>
    </ClInclude>
    <ClInclude Include="include\CentaurSockets.h">
      <Filter>include</Filter>
    </ClInclude>
    <ClInclude Include="include\CentaurThread.h">
      <Filter>include</Filter>
    </ClInclude>
    <ClInclude Include="include\CentaurTypes.h">
      <Filter>include</Filter>
    </ClInclude>
    <ClInclude Include="include\HokuyoProviderRequest.hpp">
      <Filter>include</Filter>
    </ClInclude>
    <ClInclude Include="include\LegPressure.hpp">
      <Filter>include</Filter>
    </ClInclude>
    <ClInclude Include="include\Orientation.hpp">
      <Filter>include</Filter>
    </ClInclude>
  </ItemGroup>
</Project>