<?xml version="1.0" encoding="utf-8"?>
<Project ToolsVersion="4.0" xmlns="http://schemas.microsoft.com/developer/msbuild/2003">
  <ItemGroup>
    <Filter Include="boost">
      <UniqueIdentifier>{4FC737F1-C7A5-4376-A066-2A32D752A2FF}</UniqueIdentifier>
      <Extensions>cpp;c;cc;cxx;def;odl;idl;hpj;bat;asm;asmx</Extensions>
    </Filter>
  </ItemGroup>
  <ItemGroup>
    <ClInclude Include="boost\aligned_storage.hpp">
      <Filter>boost</Filter>
    </ClInclude>
    <ClInclude Include="boost\any.hpp">
      <Filter>boost</Filter>
    </ClInclude>
    <ClInclude Include="boost\array.hpp">
      <Filter>boost</Filter>
    </ClInclude>
    <ClInclude Include="boost\asio.hpp">
      <Filter>boost</Filter>
    </ClInclude>
    <ClInclude Include="boost\assert.hpp">
      <Filter>boost</Filter>
    </ClInclude>
    <ClInclude Include="boost\assign.hpp">
      <Filter>boost</Filter>
    </ClInclude>
    <ClInclude Include="boost\atomic.hpp">
      <Filter>boost</Filter>
    </ClInclude>
    <ClInclude Include="boost\bimap.hpp">
      <Filter>boost</Filter>
    </ClInclude>
    <ClInclude Include="boost\bind.hpp">
      <Filter>boost</Filter>
    </ClInclude>
    <ClInclude Include="boost\blank.hpp">
      <Filter>boost</Filter>
    </ClInclude>
    <ClInclude Include="boost\blank_fwd.hpp">
      <Filter>boost</Filter>
    </ClInclude>
    <ClInclude Include="boost\call_traits.hpp">
      <Filter>boost</Filter>
    </ClInclude>
    <ClInclude Include="boost\cast.hpp">
      <Filter>boost</Filter>
    </ClInclude>
    <ClInclude Include="boost\cerrno.hpp">
      <Filter>boost</Filter>
    </ClInclude>
    <ClInclude Include="boost\checked_delete.hpp">
      <Filter>boost</Filter>
    </ClInclude>
    <ClInclude Include="boost\chrono.hpp">
      <Filter>boost</Filter>
    </ClInclude>
    <ClInclude Include="boost\circular_buffer.hpp">
      <Filter>boost</Filter>
    </ClInclude>
    <ClInclude Include="boost\circular_buffer_fwd.hpp">
      <Filter>boost</Filter>
    </ClInclude>
    <ClInclude Include="boost\compressed_pair.hpp">
      <Filter>boost</Filter>
    </ClInclude>
    <ClInclude Include="boost\concept_archetype.hpp">
      <Filter>boost</Filter>
    </ClInclude>
    <ClInclude Include="boost\concept_check.hpp">
      <Filter>boost</Filter>
    </ClInclude>
    <ClInclude Include="boost\config.hpp">
      <Filter>boost</Filter>
    </ClInclude>
    <ClInclude Include="boost\crc.hpp">
      <Filter>boost</Filter>
    </ClInclude>
    <ClInclude Include="boost\cregex.hpp">
      <Filter>boost</Filter>
    </ClInclude>
    <ClInclude Include="boost\cstdint.hpp">
      <Filter>boost</Filter>
    </ClInclude>
    <ClInclude Include="boost\cstdlib.hpp">
      <Filter>boost</Filter>
    </ClInclude>
    <ClInclude Include="boost\current_function.hpp">
      <Filter>boost</Filter>
    </ClInclude>
    <ClInclude Include="boost\date_time.hpp">
      <Filter>boost</Filter>
    </ClInclude>
    <ClInclude Include="boost\dynamic_bitset.hpp">
      <Filter>boost</Filter>
    </ClInclude>
    <ClInclude Include="boost\dynamic_bitset_fwd.hpp">
      <Filter>boost</Filter>
    </ClInclude>
    <ClInclude Include="boost\enable_shared_from_this.hpp">
      <Filter>boost</Filter>
    </ClInclude>
    <ClInclude Include="boost\exception.hpp">
      <Filter>boost</Filter>
    </ClInclude>
    <ClInclude Include="boost\exception_ptr.hpp">
      <Filter>boost</Filter>
    </ClInclude>
    <ClInclude Include="boost\filesystem.hpp">
      <Filter>boost</Filter>
    </ClInclude>
    <ClInclude Include="boost\flyweight.hpp">
      <Filter>boost</Filter>
    </ClInclude>
    <ClInclude Include="boost\foreach.hpp">
      <Filter>boost</Filter>
    </ClInclude>
    <ClInclude Include="boost\foreach_fwd.hpp">
      <Filter>boost</Filter>
    </ClInclude>
    <ClInclude Include="boost\format.hpp">
      <Filter>boost</Filter>
    </ClInclude>
    <ClInclude Include="boost\function.hpp">
      <Filter>boost</Filter>
    </ClInclude>
    <ClInclude Include="boost\function_equal.hpp">
      <Filter>boost</Filter>
    </ClInclude>
    <ClInclude Include="boost\function_output_iterator.hpp">
      <Filter>boost</Filter>
    </ClInclude>
    <ClInclude Include="boost\functional.hpp">
      <Filter>boost</Filter>
    </ClInclude>
    <ClInclude Include="boost\generator_iterator.hpp">
      <Filter>boost</Filter>
    </ClInclude>
    <ClInclude Include="boost\geometry.hpp">
      <Filter>boost</Filter>
    </ClInclude>
    <ClInclude Include="boost\get_pointer.hpp">
      <Filter>boost</Filter>
    </ClInclude>
    <ClInclude Include="boost\implicit_cast.hpp">
      <Filter>boost</Filter>
    </ClInclude>
    <ClInclude Include="boost\indirect_reference.hpp">
      <Filter>boost</Filter>
    </ClInclude>
    <ClInclude Include="boost\integer.hpp">
      <Filter>boost</Filter>
    </ClInclude>
    <ClInclude Include="boost\integer_fwd.hpp">
      <Filter>boost</Filter>
    </ClInclude>
    <ClInclude Include="boost\integer_traits.hpp">
      <Filter>boost</Filter>
    </ClInclude>
    <ClInclude Include="boost\intrusive_ptr.hpp">
      <Filter>boost</Filter>
    </ClInclude>
    <ClInclude Include="boost\io_fwd.hpp">
      <Filter>boost</Filter>
    </ClInclude>
    <ClInclude Include="boost\is_placeholder.hpp">
      <Filter>boost</Filter>
    </ClInclude>
    <ClInclude Include="boost\iterator.hpp">
      <Filter>boost</Filter>
    </ClInclude>
    <ClInclude Include="boost\iterator_adaptors.hpp">
      <Filter>boost</Filter>
    </ClInclude>
    <ClInclude Include="boost\last_value.hpp">
      <Filter>boost</Filter>
    </ClInclude>
    <ClInclude Include="boost\lexical_cast.hpp">
      <Filter>boost</Filter>
    </ClInclude>
    <ClInclude Include="boost\limits.hpp">
      <Filter>boost</Filter>
    </ClInclude>
    <ClInclude Include="boost\local_function.hpp">
      <Filter>boost</Filter>
    </ClInclude>
    <ClInclude Include="boost\locale.hpp">
      <Filter>boost</Filter>
    </ClInclude>
    <ClInclude Include="boost\make_shared.hpp">
      <Filter>boost</Filter>
    </ClInclude>
    <ClInclude Include="boost\math_fwd.hpp">
      <Filter>boost</Filter>
    </ClInclude>
    <ClInclude Include="boost\mem_fn.hpp">
      <Filter>boost</Filter>
    </ClInclude>
    <ClInclude Include="boost\memory_order.hpp">
      <Filter>boost</Filter>
    </ClInclude>
    <ClInclude Include="boost\mpi.hpp">
      <Filter>boost</Filter>
    </ClInclude>
    <ClInclude Include="boost\multi_array.hpp">
      <Filter>boost</Filter>
    </ClInclude>
    <ClInclude Include="boost\multi_index_container.hpp">
      <Filter>boost</Filter>
    </ClInclude>
    <ClInclude Include="boost\multi_index_container_fwd.hpp">
      <Filter>boost</Filter>
    </ClInclude>
    <ClInclude Include="boost\next_prior.hpp">
      <Filter>boost</Filter>
    </ClInclude>
    <ClInclude Include="boost\non_type.hpp">
      <Filter>boost</Filter>
    </ClInclude>
    <ClInclude Include="boost\noncopyable.hpp">
      <Filter>boost</Filter>
    </ClInclude>
    <ClInclude Include="boost\nondet_random.hpp">
      <Filter>boost</Filter>
    </ClInclude>
    <ClInclude Include="boost\none.hpp">
      <Filter>boost</Filter>
    </ClInclude>
    <ClInclude Include="boost\none_t.hpp">
      <Filter>boost</Filter>
    </ClInclude>
    <ClInclude Include="boost\operators.hpp">
      <Filter>boost</Filter>
    </ClInclude>
    <ClInclude Include="boost\optional.hpp">
      <Filter>boost</Filter>
    </ClInclude>
    <ClInclude Include="boost\parameter.hpp">
      <Filter>boost</Filter>
    </ClInclude>
    <ClInclude Include="boost\phoenix.hpp">
      <Filter>boost</Filter>
    </ClInclude>
    <ClInclude Include="boost\pointee.hpp">
      <Filter>boost</Filter>
    </ClInclude>
    <ClInclude Include="boost\pointer_cast.hpp">
      <Filter>boost</Filter>
    </ClInclude>
    <ClInclude Include="boost\pointer_to_other.hpp">
      <Filter>boost</Filter>
    </ClInclude>
    <ClInclude Include="boost\preprocessor.hpp">
      <Filter>boost</Filter>
    </ClInclude>
    <ClInclude Include="boost\program_options.hpp">
      <Filter>boost</Filter>
    </ClInclude>
    <ClInclude Include="boost\progress.hpp">
      <Filter>boost</Filter>
    </ClInclude>
    <ClInclude Include="boost\python.hpp">
      <Filter>boost</Filter>
    </ClInclude>
    <ClInclude Include="boost\random.hpp">
      <Filter>boost</Filter>
    </ClInclude>
    <ClInclude Include="boost\range.hpp">
      <Filter>boost</Filter>
    </ClInclude>
    <ClInclude Include="boost\ratio.hpp">
      <Filter>boost</Filter>
    </ClInclude>
    <ClInclude Include="boost\rational.hpp">
      <Filter>boost</Filter>
    </ClInclude>
    <ClInclude Include="boost\ref.hpp">
      <Filter>boost</Filter>
    </ClInclude>
    <ClInclude Include="boost\regex.h">
      <Filter>boost</Filter>
    </ClInclude>
    <ClInclude Include="boost\regex.hpp">
      <Filter>boost</Filter>
    </ClInclude>
    <ClInclude Include="boost\regex_fwd.hpp">
      <Filter>boost</Filter>
    </ClInclude>
    <ClInclude Include="boost\scope_exit.hpp">
      <Filter>boost</Filter>
    </ClInclude>
    <ClInclude Include="boost\scoped_array.hpp">
      <Filter>boost</Filter>
    </ClInclude>
    <ClInclude Include="boost\scoped_ptr.hpp">
      <Filter>boost</Filter>
    </ClInclude>
    <ClInclude Include="boost\shared_array.hpp">
      <Filter>boost</Filter>
    </ClInclude>
    <ClInclude Include="boost\shared_container_iterator.hpp">
      <Filter>boost</Filter>
    </ClInclude>
    <ClInclude Include="boost\shared_ptr.hpp">
      <Filter>boost</Filter>
    </ClInclude>
    <ClInclude Include="boost\signal.hpp">
      <Filter>boost</Filter>
    </ClInclude>
    <ClInclude Include="boost\signals.hpp">
      <Filter>boost</Filter>
    </ClInclude>
    <ClInclude Include="boost\signals2.hpp">
      <Filter>boost</Filter>
    </ClInclude>
    <ClInclude Include="boost\smart_ptr.hpp">
      <Filter>boost</Filter>
    </ClInclude>
    <ClInclude Include="boost\spirit.hpp">
      <Filter>boost</Filter>
    </ClInclude>
    <ClInclude Include="boost\static_assert.hpp">
      <Filter>boost</Filter>
    </ClInclude>
    <ClInclude Include="boost\strong_typedef.hpp">
      <Filter>boost</Filter>
    </ClInclude>
    <ClInclude Include="boost\swap.hpp">
      <Filter>boost</Filter>
    </ClInclude>
    <ClInclude Include="boost\thread.hpp">
      <Filter>boost</Filter>
    </ClInclude>
    <ClInclude Include="boost\throw_exception.hpp">
      <Filter>boost</Filter>
    </ClInclude>
    <ClInclude Include="boost\timer.hpp">
      <Filter>boost</Filter>
    </ClInclude>
    <ClInclude Include="boost\token_functions.hpp">
      <Filter>boost</Filter>
    </ClInclude>
    <ClInclude Include="boost\token_iterator.hpp">
      <Filter>boost</Filter>
    </ClInclude>
    <ClInclude Include="boost\tokenizer.hpp">
      <Filter>boost</Filter>
    </ClInclude>
    <ClInclude Include="boost\type.hpp">
      <Filter>boost</Filter>
    </ClInclude>
    <ClInclude Include="boost\type_traits.hpp">
      <Filter>boost</Filter>
    </ClInclude>
    <ClInclude Include="boost\unordered_map.hpp">
      <Filter>boost</Filter>
    </ClInclude>
    <ClInclude Include="boost\unordered_set.hpp">
      <Filter>boost</Filter>
    </ClInclude>
    <ClInclude Include="boost\utility.hpp">
      <Filter>boost</Filter>
    </ClInclude>
    <ClInclude Include="boost\variant.hpp">
      <Filter>boost</Filter>
    </ClInclude>
    <ClInclude Include="boost\version.hpp">
      <Filter>boost</Filter>
    </ClInclude>
    <ClInclude Include="boost\visit_each.hpp">
      <Filter>boost</Filter>
    </ClInclude>
    <ClInclude Include="boost\wave.hpp">
      <Filter>boost</Filter>
    </ClInclude>
    <ClInclude Include="boost\weak_ptr.hpp">
      <Filter>boost</Filter>
    </ClInclude>
  </ItemGroup>
</Project>